
Microsoft Visual Studio Solution File, Format Version 12.00
# Visual Studio Version 16
VisualStudioVersion = 16.0.30225.117
MinimumVisualStudioVersion = 10.0.40219.1
Project("{FAE04EC0-301F-11D3-BF4B-00C04F79EFBC}") = "calculadorNET_Pregunta2", "calculadorNET_Pregunta2\calculadorNET_Pregunta2.csproj", "{954C9C7D-7A8B-48C1-A5CB-F580733ED1A1}"
EndProject
Global
	GlobalSection(SolutionConfigurationPlatforms) = preSolution
		Debug|Any CPU = Debug|Any CPU
		Release|Any CPU = Release|Any CPU
	EndGlobalSection
	GlobalSection(ProjectConfigurationPlatforms) = postSolution
		{954C9C7D-7A8B-48C1-A5CB-F580733ED1A1}.Debug|Any CPU.ActiveCfg = Debug|Any CPU
		{954C9C7D-7A8B-48C1-A5CB-F580733ED1A1}.Debug|Any CPU.Build.0 = Debug|Any CPU
		{954C9C7D-7A8B-48C1-A5CB-F580733ED1A1}.Release|Any CPU.ActiveCfg = Release|Any CPU
		{954C9C7D-7A8B-48C1-A5CB-F580733ED1A1}.Release|Any CPU.Build.0 = Release|Any CPU
	EndGlobalSection
	GlobalSection(SolutionProperties) = preSolution
		HideSolutionNode = FALSE
	EndGlobalSection
	GlobalSection(ExtensibilityGlobals) = postSolution
		SolutionGuid = {C30CB0DB-09DB-4AE2-8145-77220BE62723}
	EndGlobalSection
EndGlobal
